
Microsoft Visual Studio Solution File, Format Version 12.00
# Visual Studio Version 17
VisualStudioVersion = 17.9.34622.214
MinimumVisualStudioVersion = 10.0.40219.1
Project("{2150E333-8FDC-42A3-9474-1A3956D46DE8}") = "0.Presentation", "0.Presentation", "{0384C9C3-E850-4795-B0D0-070834B189D4}"
EndProject
Project("{2150E333-8FDC-42A3-9474-1A3956D46DE8}") = "1.Application", "1.Application", "{22D4389F-9108-443D-8B5A-2640DD3600D7}"
EndProject
Project("{2150E333-8FDC-42A3-9474-1A3956D46DE8}") = "2.Domain", "2.Domain", "{2F418DB3-7771-4B12-81F5-4164B546BA56}"
EndProject
Project("{2150E333-8FDC-42A3-9474-1A3956D46DE8}") = "3.Infrastructure", "3.Infrastructure", "{312435A1-BB91-424F-AEB0-9E0572A4409C}"
EndProject
Project("{2150E333-8FDC-42A3-9474-1A3956D46DE8}") = "4.Crosscutting", "4.Crosscutting", "{B6ED0816-737C-4BB3-BC09-57E11596E497}"
EndProject
Project("{9A19103F-16F7-4668-BE54-9A1E7A4F7556}") = "Hackaton.Fiap.Grupo02.Api", "Hackaton.Fiap.Grupo02.Api\Hackaton.Fiap.Grupo02.Api.csproj", "{93CC89A0-632A-49CA-BD68-4E3E084D137F}"
EndProject
Project("{9A19103F-16F7-4668-BE54-9A1E7A4F7556}") = "Hackaton.Fiap.Grupo02.Application", "Hackaton.Fiap.Grupo02.Application\Hackaton.Fiap.Grupo02.Application.csproj", "{80DCA39A-2ED4-4AC8-B26A-E817BEBEA5C0}"
EndProject
Project("{9A19103F-16F7-4668-BE54-9A1E7A4F7556}") = "Hackaton.Fiap.Grupo02.Domain", "Hackaton.Fiap.Grupo02.Domain\Hackaton.Fiap.Grupo02.Domain.csproj", "{95A999B6-7E65-46ED-965B-FC5C2CF191E8}"
EndProject
Project("{9A19103F-16F7-4668-BE54-9A1E7A4F7556}") = "Hackaton.Fiap.Grupo02.Infra.Database", "Hackaton.Fiap.Grupo02.Infra.Database\Hackaton.Fiap.Grupo02.Infra.Database.csproj", "{D40FABA4-8595-4B32-8A46-3C9E75BB5031}"
EndProject
Project("{9A19103F-16F7-4668-BE54-9A1E7A4F7556}") = "Hackaton.Fiap.Grupo02.Crosscutting", "Hackaton.Fiap.Grupo02.Crosscutting\Hackaton.Fiap.Grupo02.Crosscutting.csproj", "{6F9E412A-B2DA-41AA-99C1-615ADFF62B94}"
EndProject
Project("{9A19103F-16F7-4668-BE54-9A1E7A4F7556}") = "Hackaton.Fiap.Grupo02.IOCWrapper", "Hackaton.Fiap.Grupo02.IOCWrapper\Hackaton.Fiap.Grupo02.IOCWrapper.csproj", "{11A3A54A-430F-400D-B41D-DBD7D64E35E6}"
EndProject
Project("{9A19103F-16F7-4668-BE54-9A1E7A4F7556}") = "Hackaton.Fiap.Grupo02.CrossCutting.FFMpegSupport", "Hackaton.Fiap.Grupo02.CrossCutting.FFMpegSupport\Hackaton.Fiap.Grupo02.CrossCutting.FFMpegSupport.csproj", "{610F6A03-E2FB-4F19-BAA8-1684E24D44E1}"
EndProject
Project("{9A19103F-16F7-4668-BE54-9A1E7A4F7556}") = "Hackaton.Fiap.Grupo02.Infra.ZipSupport", "Hackaton.Fiap.Grupo02.Infra.ZipSupport\Hackaton.Fiap.Grupo02.Infra.ZipSupport.csproj", "{0484FCC8-6194-4228-886A-DD0E4ADFB223}"
EndProject
Project("{2150E333-8FDC-42A3-9474-1A3956D46DE8}") = "Solution Items", "Solution Items", "{BEA4A717-F054-4240-8054-0B91614396F4}"
	ProjectSection(SolutionItems) = preProject
		README.md = README.md
	EndProjectSection
EndProject
Global
	GlobalSection(SolutionConfigurationPlatforms) = preSolution
		Debug|Any CPU = Debug|Any CPU
		Release|Any CPU = Release|Any CPU
	EndGlobalSection
	GlobalSection(ProjectConfigurationPlatforms) = postSolution
		{93CC89A0-632A-49CA-BD68-4E3E084D137F}.Debug|Any CPU.ActiveCfg = Debug|Any CPU
		{93CC89A0-632A-49CA-BD68-4E3E084D137F}.Debug|Any CPU.Build.0 = Debug|Any CPU
		{93CC89A0-632A-49CA-BD68-4E3E084D137F}.Release|Any CPU.ActiveCfg = Release|Any CPU
		{93CC89A0-632A-49CA-BD68-4E3E084D137F}.Release|Any CPU.Build.0 = Release|Any CPU
		{80DCA39A-2ED4-4AC8-B26A-E817BEBEA5C0}.Debug|Any CPU.ActiveCfg = Debug|Any CPU
		{80DCA39A-2ED4-4AC8-B26A-E817BEBEA5C0}.Debug|Any CPU.Build.0 = Debug|Any CPU
		{80DCA39A-2ED4-4AC8-B26A-E817BEBEA5C0}.Release|Any CPU.ActiveCfg = Release|Any CPU
		{80DCA39A-2ED4-4AC8-B26A-E817BEBEA5C0}.Release|Any CPU.Build.0 = Release|Any CPU
		{95A999B6-7E65-46ED-965B-FC5C2CF191E8}.Debug|Any CPU.ActiveCfg = Debug|Any CPU
		{95A999B6-7E65-46ED-965B-FC5C2CF191E8}.Debug|Any CPU.Build.0 = Debug|Any CPU
		{95A999B6-7E65-46ED-965B-FC5C2CF191E8}.Release|Any CPU.ActiveCfg = Release|Any CPU
		{95A999B6-7E65-46ED-965B-FC5C2CF191E8}.Release|Any CPU.Build.0 = Release|Any CPU
		{D40FABA4-8595-4B32-8A46-3C9E75BB5031}.Debug|Any CPU.ActiveCfg = Debug|Any CPU
		{D40FABA4-8595-4B32-8A46-3C9E75BB5031}.Debug|Any CPU.Build.0 = Debug|Any CPU
		{D40FABA4-8595-4B32-8A46-3C9E75BB5031}.Release|Any CPU.ActiveCfg = Release|Any CPU
		{D40FABA4-8595-4B32-8A46-3C9E75BB5031}.Release|Any CPU.Build.0 = Release|Any CPU
		{6F9E412A-B2DA-41AA-99C1-615ADFF62B94}.Debug|Any CPU.ActiveCfg = Debug|Any CPU
		{6F9E412A-B2DA-41AA-99C1-615ADFF62B94}.Debug|Any CPU.Build.0 = Debug|Any CPU
		{6F9E412A-B2DA-41AA-99C1-615ADFF62B94}.Release|Any CPU.ActiveCfg = Release|Any CPU
		{6F9E412A-B2DA-41AA-99C1-615ADFF62B94}.Release|Any CPU.Build.0 = Release|Any CPU
		{11A3A54A-430F-400D-B41D-DBD7D64E35E6}.Debug|Any CPU.ActiveCfg = Debug|Any CPU
		{11A3A54A-430F-400D-B41D-DBD7D64E35E6}.Debug|Any CPU.Build.0 = Debug|Any CPU
		{11A3A54A-430F-400D-B41D-DBD7D64E35E6}.Release|Any CPU.ActiveCfg = Release|Any CPU
		{11A3A54A-430F-400D-B41D-DBD7D64E35E6}.Release|Any CPU.Build.0 = Release|Any CPU
		{610F6A03-E2FB-4F19-BAA8-1684E24D44E1}.Debug|Any CPU.ActiveCfg = Debug|Any CPU
		{610F6A03-E2FB-4F19-BAA8-1684E24D44E1}.Debug|Any CPU.Build.0 = Debug|Any CPU
		{610F6A03-E2FB-4F19-BAA8-1684E24D44E1}.Release|Any CPU.ActiveCfg = Release|Any CPU
		{610F6A03-E2FB-4F19-BAA8-1684E24D44E1}.Release|Any CPU.Build.0 = Release|Any CPU
		{0484FCC8-6194-4228-886A-DD0E4ADFB223}.Debug|Any CPU.ActiveCfg = Debug|Any CPU
		{0484FCC8-6194-4228-886A-DD0E4ADFB223}.Debug|Any CPU.Build.0 = Debug|Any CPU
		{0484FCC8-6194-4228-886A-DD0E4ADFB223}.Release|Any CPU.ActiveCfg = Release|Any CPU
		{0484FCC8-6194-4228-886A-DD0E4ADFB223}.Release|Any CPU.Build.0 = Release|Any CPU
	EndGlobalSection
	GlobalSection(SolutionProperties) = preSolution
		HideSolutionNode = FALSE
	EndGlobalSection
	GlobalSection(NestedProjects) = preSolution
		{93CC89A0-632A-49CA-BD68-4E3E084D137F} = {0384C9C3-E850-4795-B0D0-070834B189D4}
		{80DCA39A-2ED4-4AC8-B26A-E817BEBEA5C0} = {22D4389F-9108-443D-8B5A-2640DD3600D7}
		{95A999B6-7E65-46ED-965B-FC5C2CF191E8} = {2F418DB3-7771-4B12-81F5-4164B546BA56}
		{D40FABA4-8595-4B32-8A46-3C9E75BB5031} = {312435A1-BB91-424F-AEB0-9E0572A4409C}
		{6F9E412A-B2DA-41AA-99C1-615ADFF62B94} = {B6ED0816-737C-4BB3-BC09-57E11596E497}
		{11A3A54A-430F-400D-B41D-DBD7D64E35E6} = {B6ED0816-737C-4BB3-BC09-57E11596E497}
		{610F6A03-E2FB-4F19-BAA8-1684E24D44E1} = {312435A1-BB91-424F-AEB0-9E0572A4409C}
		{0484FCC8-6194-4228-886A-DD0E4ADFB223} = {312435A1-BB91-424F-AEB0-9E0572A4409C}
	EndGlobalSection
	GlobalSection(ExtensibilityGlobals) = postSolution
		SolutionGuid = {0922C072-6EE4-4DD9-BF69-7D0F9409C080}
	EndGlobalSection
EndGlobal
